
Microsoft Visual Studio Solution File, Format Version 12.00
# Visual Studio 14
VisualStudioVersion = 14.0.25417.0
MinimumVisualStudioVersion = 10.0.40219.1
Project("{FAE04EC0-301F-11D3-BF4B-00C04F79EFBC}") = "ProjectGuidParser", "ProjectGuidParser\ProjectGuidParser.csproj", "{1A721CC9-777E-4212-B45B-F6175A652F22}"
EndProject
Project("{FAE04EC0-301F-11D3-BF4B-00C04F79EFBC}") = "ProjectGuidParserTests", "ProjectGuidParserTests\ProjectGuidParserTests.csproj", "{2BCD639F-4C0C-45BC-8E2D-349A87E2A959}"
EndProject
Global
	GlobalSection(SolutionConfigurationPlatforms) = preSolution
		Debug|Any CPU = Debug|Any CPU
		Release|Any CPU = Release|Any CPU
	EndGlobalSection
	GlobalSection(ProjectConfigurationPlatforms) = postSolution
		{1A721CC9-777E-4212-B45B-F6175A652F22}.Debug|Any CPU.ActiveCfg = Debug|Any CPU
		{1A721CC9-777E-4212-B45B-F6175A652F22}.Debug|Any CPU.Build.0 = Debug|Any CPU
		{1A721CC9-777E-4212-B45B-F6175A652F22}.Release|Any CPU.ActiveCfg = Release|Any CPU
		{1A721CC9-777E-4212-B45B-F6175A652F22}.Release|Any CPU.Build.0 = Release|Any CPU
		{2BCD639F-4C0C-45BC-8E2D-349A87E2A959}.Debug|Any CPU.ActiveCfg = Debug|Any CPU
		{2BCD639F-4C0C-45BC-8E2D-349A87E2A959}.Debug|Any CPU.Build.0 = Debug|Any CPU
		{2BCD639F-4C0C-45BC-8E2D-349A87E2A959}.Release|Any CPU.ActiveCfg = Release|Any CPU
		{2BCD639F-4C0C-45BC-8E2D-349A87E2A959}.Release|Any CPU.Build.0 = Release|Any CPU
	EndGlobalSection
	GlobalSection(SolutionProperties) = preSolution
		HideSolutionNode = FALSE
	EndGlobalSection
EndGlobal
